
Microsoft Visual Studio Solution File, Format Version 12.00
# Visual Studio Version 17
VisualStudioVersion = 17.8.34525.116
MinimumVisualStudioVersion = 10.0.40219.1
Project("{FAE04EC0-301F-11D3-BF4B-00C04F79EFBC}") = "mvcEmployee", "mvcEmployee\mvcEmployee.csproj", "{1AA6666E-A606-4CB4-9D1E-C79B14BD94E2}"
EndProject
Global
	GlobalSection(SolutionConfigurationPlatforms) = preSolution
		Debug|Any CPU = Debug|Any CPU
		Release|Any CPU = Release|Any CPU
	EndGlobalSection
	GlobalSection(ProjectConfigurationPlatforms) = postSolution
		{1AA6666E-A606-4CB4-9D1E-C79B14BD94E2}.Debug|Any CPU.ActiveCfg = Debug|Any CPU
		{1AA6666E-A606-4CB4-9D1E-C79B14BD94E2}.Debug|Any CPU.Build.0 = Debug|Any CPU
		{1AA6666E-A606-4CB4-9D1E-C79B14BD94E2}.Release|Any CPU.ActiveCfg = Release|Any CPU
		{1AA6666E-A606-4CB4-9D1E-C79B14BD94E2}.Release|Any CPU.Build.0 = Release|Any CPU
	EndGlobalSection
	GlobalSection(SolutionProperties) = preSolution
		HideSolutionNode = FALSE
	EndGlobalSection
	GlobalSection(ExtensibilityGlobals) = postSolution
		SolutionGuid = {E6886476-7D44-423E-98FE-1AF454A4448E}
	EndGlobalSection
EndGlobal
